
Microsoft Visual Studio Solution File, Format Version 12.00
Project("{FAE04EC0-301F-11D3-BF4B-00C04F79EFBC}") = "Diplom_kolya", "Diplom_kolya\Diplom_kolya.csproj", "{BAFF2574-FC1B-4A98-A5AD-F8B799253DD6}"
EndProject
Project("{FAE04EC0-301F-11D3-BF4B-00C04F79EFBC}") = "Diplom.Data", "Diplom.Data\Diplom.Data.csproj", "{04D7D2DA-BA8B-4619-8FC1-9097B7D523C5}"
EndProject
Global
	GlobalSection(SolutionConfigurationPlatforms) = preSolution
		Debug|Any CPU = Debug|Any CPU
		Release|Any CPU = Release|Any CPU
	EndGlobalSection
	GlobalSection(ProjectConfigurationPlatforms) = postSolution
		{BAFF2574-FC1B-4A98-A5AD-F8B799253DD6}.Debug|Any CPU.ActiveCfg = Debug|Any CPU
		{BAFF2574-FC1B-4A98-A5AD-F8B799253DD6}.Debug|Any CPU.Build.0 = Debug|Any CPU
		{BAFF2574-FC1B-4A98-A5AD-F8B799253DD6}.Release|Any CPU.ActiveCfg = Release|Any CPU
		{BAFF2574-FC1B-4A98-A5AD-F8B799253DD6}.Release|Any CPU.Build.0 = Release|Any CPU
		{04D7D2DA-BA8B-4619-8FC1-9097B7D523C5}.Debug|Any CPU.ActiveCfg = Debug|Any CPU
		{04D7D2DA-BA8B-4619-8FC1-9097B7D523C5}.Debug|Any CPU.Build.0 = Debug|Any CPU
		{04D7D2DA-BA8B-4619-8FC1-9097B7D523C5}.Release|Any CPU.ActiveCfg = Release|Any CPU
		{04D7D2DA-BA8B-4619-8FC1-9097B7D523C5}.Release|Any CPU.Build.0 = Release|Any CPU
	EndGlobalSection
EndGlobal
